
Microsoft Visual Studio Solution File, Format Version 12.00
Project("{2150E333-8FDC-42A3-9474-1A3956D46DE8}") = "Solution Items", "Solution Items", "{679FC82E-E7E1-403D-8198-979B4D6A868E}"
	ProjectSection(SolutionItems) = preProject
		README.md = README.md
		.editorconfig = .editorconfig
		Directory.Build.props = Directory.Build.props
		docker-compose.yml = docker-compose.yml
	EndProjectSection
EndProject
Project("{2150E333-8FDC-42A3-9474-1A3956D46DE8}") = "src", "src", "{AE12F278-5ED4-4472-90BF-6F6F9E4E8540}"
EndProject
Project("{2150E333-8FDC-42A3-9474-1A3956D46DE8}") = "API", "API", "{93A8E1B5-2D4A-445A-9E19-E654D8D1B6AA}"
EndProject
Project("{FAE04EC0-301F-11D3-BF4B-00C04F79EFBC}") = "Evently.Api", "src\API\Evently.Api\Evently.Api.csproj", "{5A6CFBAC-04A9-4C16-8D2B-735C5B290ABE}"
EndProject
Project("{2150E333-8FDC-42A3-9474-1A3956D46DE8}") = "Modules", "Modules", "{5C5EEAD6-04CC-4FC3-B00B-EB57B56F6477}"
EndProject
Project("{2150E333-8FDC-42A3-9474-1A3956D46DE8}") = "Events", "Events", "{8AE562E6-B434-4F4C-8E6E-00D93003D107}"
EndProject
Project("{FAE04EC0-301F-11D3-BF4B-00C04F79EFBC}") = "Evently.Modules.Events.Domain", "src\Modules\Events\Evently.Modules.Events.Domain\Evently.Modules.Events.Domain.csproj", "{59C19676-F430-4FBE-A9AD-577C908CDA43}"
EndProject
Project("{FAE04EC0-301F-11D3-BF4B-00C04F79EFBC}") = "Evently.Modules.Events.Application", "src\Modules\Events\Evently.Modules.Events.Application\Evently.Modules.Events.Application.csproj", "{C07C0FFC-A6CD-44FC-8721-D2A5F7BD5F6B}"
EndProject
Project("{FAE04EC0-301F-11D3-BF4B-00C04F79EFBC}") = "Evently.Modules.Events.Infrastructure", "src\Modules\Events\Evently.Modules.Events.Infrastructure\Evently.Modules.Events.Infrastructure.csproj", "{10857E62-D409-4898-8E58-B65915642477}"
EndProject
Project("{FAE04EC0-301F-11D3-BF4B-00C04F79EFBC}") = "Evently.Modules.Events.Presentation", "src\Modules\Events\Evently.Modules.Events.Presentation\Evently.Modules.Events.Presentation.csproj", "{3E8CBEEB-C75C-4DB6-976F-5F8220854C33}"
EndProject
Project("{2150E333-8FDC-42A3-9474-1A3956D46DE8}") = "Common", "Common", "{AB650269-C0D3-448A-AD79-2AFAFA605C3D}"
EndProject
Project("{FAE04EC0-301F-11D3-BF4B-00C04F79EFBC}") = "Evently.Common.Application", "src\Common\Evently.Common.Application\Evently.Common.Application.csproj", "{C182B886-AF6A-4E62-B0A3-4BE042B0829A}"
EndProject
Project("{FAE04EC0-301F-11D3-BF4B-00C04F79EFBC}") = "Evently.Common.Domain", "src\Common\Evently.Common.Domain\Evently.Common.Domain.csproj", "{B45DAE8F-A4CC-487F-8F4E-FFA9C369DA04}"
EndProject
Project("{FAE04EC0-301F-11D3-BF4B-00C04F79EFBC}") = "Evently.Common.Infrastructure", "src\Common\Evently.Common.Infrastructure\Evently.Common.Infrastructure.csproj", "{77776002-A1D3-4384-8796-04E1F98A67C3}"
EndProject
Project("{FAE04EC0-301F-11D3-BF4B-00C04F79EFBC}") = "Evently.Common.Presentation", "src\Common\Evently.Common.Presentation\Evently.Common.Presentation.csproj", "{4179866A-EC4A-4BFA-B19F-9585833D7B70}"
EndProject
Project("{2150E333-8FDC-42A3-9474-1A3956D46DE8}") = "Users", "Users", "{B0BCBF7F-6C52-428B-BDAA-D374EBCFB55E}"
EndProject
Project("{FAE04EC0-301F-11D3-BF4B-00C04F79EFBC}") = "Evently.Modules.Users.Domain", "src\Modules\Users\Evently.Modules.Users.Domain\Evently.Modules.Users.Domain.csproj", "{9C97EED7-73D7-4AE7-B7AF-CA09E6FC25DF}"
EndProject
Project("{FAE04EC0-301F-11D3-BF4B-00C04F79EFBC}") = "Evently.Modules.Users.Application", "src\Modules\Users\Evently.Modules.Users.Application\Evently.Modules.Users.Application.csproj", "{92FF163A-0074-4DEA-A81F-20338BDE3610}"
EndProject
Project("{FAE04EC0-301F-11D3-BF4B-00C04F79EFBC}") = "Evently.Modules.Users.Presentation", "src\Modules\Users\Evently.Modules.Users.Presentation\Evently.Modules.Users.Presentation.csproj", "{8A4BBF55-0D96-44E6-9703-44268F615A61}"
EndProject
Project("{FAE04EC0-301F-11D3-BF4B-00C04F79EFBC}") = "Evently.Modules.Users.Infrastructure", "src\Modules\Users\Evently.Modules.Users.Infrastructure\Evently.Modules.Users.Infrastructure.csproj", "{32B9E684-9602-46F7-A794-1D89FC9AAD99}"
EndProject
Project("{2150E333-8FDC-42A3-9474-1A3956D46DE8}") = "Ticketing", "Ticketing", "{0998B20E-BED1-4E46-BC10-DD69B132871F}"
EndProject
Project("{FAE04EC0-301F-11D3-BF4B-00C04F79EFBC}") = "Evently.Modules.Ticketing.Domain", "src\Modules\Ticketing\Evently.Modules.Ticketing.Domain\Evently.Modules.Ticketing.Domain.csproj", "{C279262B-7DB2-41F1-8B88-057409299F09}"
EndProject
Project("{FAE04EC0-301F-11D3-BF4B-00C04F79EFBC}") = "Evently.Modules.Ticketing.Application", "src\Modules\Ticketing\Evently.Modules.Ticketing.Application\Evently.Modules.Ticketing.Application.csproj", "{F881CAA3-9ABD-4F62-93A8-945EC130F323}"
EndProject
Project("{FAE04EC0-301F-11D3-BF4B-00C04F79EFBC}") = "Evently.Modules.Ticketing.Presentation", "src\Modules\Ticketing\Evently.Modules.Ticketing.Presentation\Evently.Modules.Ticketing.Presentation.csproj", "{4098D88F-3466-4531-902A-DC3492B702D8}"
EndProject
Project("{FAE04EC0-301F-11D3-BF4B-00C04F79EFBC}") = "Evently.Modules.Ticketing.Infrastructure", "src\Modules\Ticketing\Evently.Modules.Ticketing.Infrastructure\Evently.Modules.Ticketing.Infrastructure.csproj", "{29D3E490-4747-4809-B79F-26622292B15B}"
EndProject
Project("{FAE04EC0-301F-11D3-BF4B-00C04F79EFBC}") = "Evently.Modules.Users.PublicApi", "src\Modules\Users\Evently.Modules.Users.PublicApi\Evently.Modules.Users.PublicApi.csproj", "{3927EB41-C673-4A6A-8665-78C287804877}"
EndProject
Project("{FAE04EC0-301F-11D3-BF4B-00C04F79EFBC}") = "Evently.Modules.Events.PublicApi", "src\Modules\Events\Evently.Modules.Events.PublicApi\Evently.Modules.Events.PublicApi.csproj", "{0A593C39-2BBA-4FA7-81D2-D7C652B91D77}"
EndProject
Global
	GlobalSection(SolutionConfigurationPlatforms) = preSolution
		Debug|Any CPU = Debug|Any CPU
		Release|Any CPU = Release|Any CPU
	EndGlobalSection
	GlobalSection(NestedProjects) = preSolution
		{93A8E1B5-2D4A-445A-9E19-E654D8D1B6AA} = {AE12F278-5ED4-4472-90BF-6F6F9E4E8540}
		{5A6CFBAC-04A9-4C16-8D2B-735C5B290ABE} = {93A8E1B5-2D4A-445A-9E19-E654D8D1B6AA}
		{5C5EEAD6-04CC-4FC3-B00B-EB57B56F6477} = {AE12F278-5ED4-4472-90BF-6F6F9E4E8540}
		{8AE562E6-B434-4F4C-8E6E-00D93003D107} = {5C5EEAD6-04CC-4FC3-B00B-EB57B56F6477}
		{59C19676-F430-4FBE-A9AD-577C908CDA43} = {8AE562E6-B434-4F4C-8E6E-00D93003D107}
		{C07C0FFC-A6CD-44FC-8721-D2A5F7BD5F6B} = {8AE562E6-B434-4F4C-8E6E-00D93003D107}
		{10857E62-D409-4898-8E58-B65915642477} = {8AE562E6-B434-4F4C-8E6E-00D93003D107}
		{3E8CBEEB-C75C-4DB6-976F-5F8220854C33} = {8AE562E6-B434-4F4C-8E6E-00D93003D107}
		{AB650269-C0D3-448A-AD79-2AFAFA605C3D} = {AE12F278-5ED4-4472-90BF-6F6F9E4E8540}
		{C182B886-AF6A-4E62-B0A3-4BE042B0829A} = {AB650269-C0D3-448A-AD79-2AFAFA605C3D}
		{B45DAE8F-A4CC-487F-8F4E-FFA9C369DA04} = {AB650269-C0D3-448A-AD79-2AFAFA605C3D}
		{77776002-A1D3-4384-8796-04E1F98A67C3} = {AB650269-C0D3-448A-AD79-2AFAFA605C3D}
		{4179866A-EC4A-4BFA-B19F-9585833D7B70} = {AB650269-C0D3-448A-AD79-2AFAFA605C3D}
		{B0BCBF7F-6C52-428B-BDAA-D374EBCFB55E} = {5C5EEAD6-04CC-4FC3-B00B-EB57B56F6477}
		{9C97EED7-73D7-4AE7-B7AF-CA09E6FC25DF} = {B0BCBF7F-6C52-428B-BDAA-D374EBCFB55E}
		{92FF163A-0074-4DEA-A81F-20338BDE3610} = {B0BCBF7F-6C52-428B-BDAA-D374EBCFB55E}
		{8A4BBF55-0D96-44E6-9703-44268F615A61} = {B0BCBF7F-6C52-428B-BDAA-D374EBCFB55E}
		{32B9E684-9602-46F7-A794-1D89FC9AAD99} = {B0BCBF7F-6C52-428B-BDAA-D374EBCFB55E}
		{0998B20E-BED1-4E46-BC10-DD69B132871F} = {5C5EEAD6-04CC-4FC3-B00B-EB57B56F6477}
		{C279262B-7DB2-41F1-8B88-057409299F09} = {0998B20E-BED1-4E46-BC10-DD69B132871F}
		{F881CAA3-9ABD-4F62-93A8-945EC130F323} = {0998B20E-BED1-4E46-BC10-DD69B132871F}
		{4098D88F-3466-4531-902A-DC3492B702D8} = {0998B20E-BED1-4E46-BC10-DD69B132871F}
		{29D3E490-4747-4809-B79F-26622292B15B} = {0998B20E-BED1-4E46-BC10-DD69B132871F}
		{3927EB41-C673-4A6A-8665-78C287804877} = {B0BCBF7F-6C52-428B-BDAA-D374EBCFB55E}
		{0A593C39-2BBA-4FA7-81D2-D7C652B91D77} = {8AE562E6-B434-4F4C-8E6E-00D93003D107}
	EndGlobalSection
	GlobalSection(ProjectConfigurationPlatforms) = postSolution
		{5A6CFBAC-04A9-4C16-8D2B-735C5B290ABE}.Debug|Any CPU.ActiveCfg = Debug|Any CPU
		{5A6CFBAC-04A9-4C16-8D2B-735C5B290ABE}.Debug|Any CPU.Build.0 = Debug|Any CPU
		{5A6CFBAC-04A9-4C16-8D2B-735C5B290ABE}.Release|Any CPU.ActiveCfg = Release|Any CPU
		{5A6CFBAC-04A9-4C16-8D2B-735C5B290ABE}.Release|Any CPU.Build.0 = Release|Any CPU
		{59C19676-F430-4FBE-A9AD-577C908CDA43}.Debug|Any CPU.ActiveCfg = Debug|Any CPU
		{59C19676-F430-4FBE-A9AD-577C908CDA43}.Debug|Any CPU.Build.0 = Debug|Any CPU
		{59C19676-F430-4FBE-A9AD-577C908CDA43}.Release|Any CPU.ActiveCfg = Release|Any CPU
		{59C19676-F430-4FBE-A9AD-577C908CDA43}.Release|Any CPU.Build.0 = Release|Any CPU
		{C07C0FFC-A6CD-44FC-8721-D2A5F7BD5F6B}.Debug|Any CPU.ActiveCfg = Debug|Any CPU
		{C07C0FFC-A6CD-44FC-8721-D2A5F7BD5F6B}.Debug|Any CPU.Build.0 = Debug|Any CPU
		{C07C0FFC-A6CD-44FC-8721-D2A5F7BD5F6B}.Release|Any CPU.ActiveCfg = Release|Any CPU
		{C07C0FFC-A6CD-44FC-8721-D2A5F7BD5F6B}.Release|Any CPU.Build.0 = Release|Any CPU
		{10857E62-D409-4898-8E58-B65915642477}.Debug|Any CPU.ActiveCfg = Debug|Any CPU
		{10857E62-D409-4898-8E58-B65915642477}.Debug|Any CPU.Build.0 = Debug|Any CPU
		{10857E62-D409-4898-8E58-B65915642477}.Release|Any CPU.ActiveCfg = Release|Any CPU
		{10857E62-D409-4898-8E58-B65915642477}.Release|Any CPU.Build.0 = Release|Any CPU
		{3E8CBEEB-C75C-4DB6-976F-5F8220854C33}.Debug|Any CPU.ActiveCfg = Debug|Any CPU
		{3E8CBEEB-C75C-4DB6-976F-5F8220854C33}.Debug|Any CPU.Build.0 = Debug|Any CPU
		{3E8CBEEB-C75C-4DB6-976F-5F8220854C33}.Release|Any CPU.ActiveCfg = Release|Any CPU
		{3E8CBEEB-C75C-4DB6-976F-5F8220854C33}.Release|Any CPU.Build.0 = Release|Any CPU
		{C182B886-AF6A-4E62-B0A3-4BE042B0829A}.Debug|Any CPU.ActiveCfg = Debug|Any CPU
		{C182B886-AF6A-4E62-B0A3-4BE042B0829A}.Debug|Any CPU.Build.0 = Debug|Any CPU
		{C182B886-AF6A-4E62-B0A3-4BE042B0829A}.Release|Any CPU.ActiveCfg = Release|Any CPU
		{C182B886-AF6A-4E62-B0A3-4BE042B0829A}.Release|Any CPU.Build.0 = Release|Any CPU
		{B45DAE8F-A4CC-487F-8F4E-FFA9C369DA04}.Debug|Any CPU.ActiveCfg = Debug|Any CPU
		{B45DAE8F-A4CC-487F-8F4E-FFA9C369DA04}.Debug|Any CPU.Build.0 = Debug|Any CPU
		{B45DAE8F-A4CC-487F-8F4E-FFA9C369DA04}.Release|Any CPU.ActiveCfg = Release|Any CPU
		{B45DAE8F-A4CC-487F-8F4E-FFA9C369DA04}.Release|Any CPU.Build.0 = Release|Any CPU
		{77776002-A1D3-4384-8796-04E1F98A67C3}.Debug|Any CPU.ActiveCfg = Debug|Any CPU
		{77776002-A1D3-4384-8796-04E1F98A67C3}.Debug|Any CPU.Build.0 = Debug|Any CPU
		{77776002-A1D3-4384-8796-04E1F98A67C3}.Release|Any CPU.ActiveCfg = Release|Any CPU
		{77776002-A1D3-4384-8796-04E1F98A67C3}.Release|Any CPU.Build.0 = Release|Any CPU
		{4179866A-EC4A-4BFA-B19F-9585833D7B70}.Debug|Any CPU.ActiveCfg = Debug|Any CPU
		{4179866A-EC4A-4BFA-B19F-9585833D7B70}.Debug|Any CPU.Build.0 = Debug|Any CPU
		{4179866A-EC4A-4BFA-B19F-9585833D7B70}.Release|Any CPU.ActiveCfg = Release|Any CPU
		{4179866A-EC4A-4BFA-B19F-9585833D7B70}.Release|Any CPU.Build.0 = Release|Any CPU
		{9C97EED7-73D7-4AE7-B7AF-CA09E6FC25DF}.Debug|Any CPU.ActiveCfg = Debug|Any CPU
		{9C97EED7-73D7-4AE7-B7AF-CA09E6FC25DF}.Debug|Any CPU.Build.0 = Debug|Any CPU
		{9C97EED7-73D7-4AE7-B7AF-CA09E6FC25DF}.Release|Any CPU.ActiveCfg = Release|Any CPU
		{9C97EED7-73D7-4AE7-B7AF-CA09E6FC25DF}.Release|Any CPU.Build.0 = Release|Any CPU
		{92FF163A-0074-4DEA-A81F-20338BDE3610}.Debug|Any CPU.ActiveCfg = Debug|Any CPU
		{92FF163A-0074-4DEA-A81F-20338BDE3610}.Debug|Any CPU.Build.0 = Debug|Any CPU
		{92FF163A-0074-4DEA-A81F-20338BDE3610}.Release|Any CPU.ActiveCfg = Release|Any CPU
		{92FF163A-0074-4DEA-A81F-20338BDE3610}.Release|Any CPU.Build.0 = Release|Any CPU
		{8A4BBF55-0D96-44E6-9703-44268F615A61}.Debug|Any CPU.ActiveCfg = Debug|Any CPU
		{8A4BBF55-0D96-44E6-9703-44268F615A61}.Debug|Any CPU.Build.0 = Debug|Any CPU
		{8A4BBF55-0D96-44E6-9703-44268F615A61}.Release|Any CPU.ActiveCfg = Release|Any CPU
		{8A4BBF55-0D96-44E6-9703-44268F615A61}.Release|Any CPU.Build.0 = Release|Any CPU
		{32B9E684-9602-46F7-A794-1D89FC9AAD99}.Debug|Any CPU.ActiveCfg = Debug|Any CPU
		{32B9E684-9602-46F7-A794-1D89FC9AAD99}.Debug|Any CPU.Build.0 = Debug|Any CPU
		{32B9E684-9602-46F7-A794-1D89FC9AAD99}.Release|Any CPU.ActiveCfg = Release|Any CPU
		{32B9E684-9602-46F7-A794-1D89FC9AAD99}.Release|Any CPU.Build.0 = Release|Any CPU
		{C279262B-7DB2-41F1-8B88-057409299F09}.Debug|Any CPU.ActiveCfg = Debug|Any CPU
		{C279262B-7DB2-41F1-8B88-057409299F09}.Debug|Any CPU.Build.0 = Debug|Any CPU
		{C279262B-7DB2-41F1-8B88-057409299F09}.Release|Any CPU.ActiveCfg = Release|Any CPU
		{C279262B-7DB2-41F1-8B88-057409299F09}.Release|Any CPU.Build.0 = Release|Any CPU
		{F881CAA3-9ABD-4F62-93A8-945EC130F323}.Debug|Any CPU.ActiveCfg = Debug|Any CPU
		{F881CAA3-9ABD-4F62-93A8-945EC130F323}.Debug|Any CPU.Build.0 = Debug|Any CPU
		{F881CAA3-9ABD-4F62-93A8-945EC130F323}.Release|Any CPU.ActiveCfg = Release|Any CPU
		{F881CAA3-9ABD-4F62-93A8-945EC130F323}.Release|Any CPU.Build.0 = Release|Any CPU
		{4098D88F-3466-4531-902A-DC3492B702D8}.Debug|Any CPU.ActiveCfg = Debug|Any CPU
		{4098D88F-3466-4531-902A-DC3492B702D8}.Debug|Any CPU.Build.0 = Debug|Any CPU
		{4098D88F-3466-4531-902A-DC3492B702D8}.Release|Any CPU.ActiveCfg = Release|Any CPU
		{4098D88F-3466-4531-902A-DC3492B702D8}.Release|Any CPU.Build.0 = Release|Any CPU
		{29D3E490-4747-4809-B79F-26622292B15B}.Debug|Any CPU.ActiveCfg = Debug|Any CPU
		{29D3E490-4747-4809-B79F-26622292B15B}.Debug|Any CPU.Build.0 = Debug|Any CPU
		{29D3E490-4747-4809-B79F-26622292B15B}.Release|Any CPU.ActiveCfg = Release|Any CPU
		{29D3E490-4747-4809-B79F-26622292B15B}.Release|Any CPU.Build.0 = Release|Any CPU
		{3927EB41-C673-4A6A-8665-78C287804877}.Debug|Any CPU.ActiveCfg = Debug|Any CPU
		{3927EB41-C673-4A6A-8665-78C287804877}.Debug|Any CPU.Build.0 = Debug|Any CPU
		{3927EB41-C673-4A6A-8665-78C287804877}.Release|Any CPU.ActiveCfg = Release|Any CPU
		{3927EB41-C673-4A6A-8665-78C287804877}.Release|Any CPU.Build.0 = Release|Any CPU
		{0A593C39-2BBA-4FA7-81D2-D7C652B91D77}.Debug|Any CPU.ActiveCfg = Debug|Any CPU
		{0A593C39-2BBA-4FA7-81D2-D7C652B91D77}.Debug|Any CPU.Build.0 = Debug|Any CPU
		{0A593C39-2BBA-4FA7-81D2-D7C652B91D77}.Release|Any CPU.ActiveCfg = Release|Any CPU
		{0A593C39-2BBA-4FA7-81D2-D7C652B91D77}.Release|Any CPU.Build.0 = Release|Any CPU
	EndGlobalSection
EndGlobal
